// !$*UTF8*$!
{
	archiveVersion = 1;
	classes = {
	};
	objectVersion = 50;
	objects = {

/* Begin PBXBuildFile section */
		DCCD0FE2234FA99F003C39BA /* AppDelegate.swift in Sources */ = {isa = PBXBuildFile; fileRef = DCCD0FE1234FA99F003C39BA /* AppDelegate.swift */; };
		DCCD0FE4234FA99F003C39BA /* SceneDelegate.swift in Sources */ = {isa = PBXBuildFile; fileRef = DCCD0FE3234FA99F003C39BA /* SceneDelegate.swift */; };
		DCCD0FE6234FA99F003C39BA /* ViewController.swift in Sources */ = {isa = PBXBuildFile; fileRef = DCCD0FE5234FA99F003C39BA /* ViewController.swift */; };
		DCCD0FE9234FA99F003C39BA /* Main.storyboard in Resources */ = {isa = PBXBuildFile; fileRef = DCCD0FE7234FA99F003C39BA /* Main.storyboard */; };
		DCCD0FEB234FA9A0003C39BA /* Assets.xcassets in Resources */ = {isa = PBXBuildFile; fileRef = DCCD0FEA234FA9A0003C39BA /* Assets.xcassets */; };
		DCCD0FEE234FA9A0003C39BA /* LaunchScreen.storyboard in Resources */ = {isa = PBXBuildFile; fileRef = DCCD0FEC234FA9A0003C39BA /* LaunchScreen.storyboard */; };
		DCCD0FF7234FAAD4003C39BA /* CoderInfoCell.swift in Sources */ = {isa = PBXBuildFile; fileRef = DCCD0FF5234FAAD4003C39BA /* CoderInfoCell.swift */; };
		DCCD0FF8234FAAD4003C39BA /* CoderInfoCell.xib in Resources */ = {isa = PBXBuildFile; fileRef = DCCD0FF6234FAAD4003C39BA /* CoderInfoCell.xib */; };
/* End PBXBuildFile section */

/* Begin PBXFileReference section */
		DCCD0FDE234FA99F003C39BA /* UITableViewWithSections.app */ = {isa = PBXFileReference; explicitFileType = wrapper.application; includeInIndex = 0; path = UITableViewWithSections.app; sourceTree = BUILT_PRODUCTS_DIR; };
		DCCD0FE1234FA99F003C39BA /* AppDelegate.swift */ = {isa = PBXFileReference; lastKnownFileType = sourcecode.swift; path = AppDelegate.swift; sourceTree = "<group>"; };
		DCCD0FE3234FA99F003C39BA /* SceneDelegate.swift */ = {isa = PBXFileReference; lastKnownFileType = sourcecode.swift; path = SceneDelegate.swift; sourceTree = "<group>"; };
		DCCD0FE5234FA99F003C39BA /* ViewController.swift */ = {isa = PBXFileReference; lastKnownFileType = sourcecode.swift; path = ViewController.swift; sourceTree = "<group>"; };
		DCCD0FE8234FA99F003C39BA /* Base */ = {isa = PBXFileReference; lastKnownFileType = file.storyboard; name = Base; path = Base.lproj/Main.storyboard; sourceTree = "<group>"; };
		DCCD0FEA234FA9A0003C39BA /* Assets.xcassets */ = {isa = PBXFileReference; lastKnownFileType = folder.assetcatalog; path = Assets.xcassets; sourceTree = "<group>"; };
		DCCD0FED234FA9A0003C39BA /* Base */ = {isa = PBXFileReference; lastKnownFileType = file.storyboard; name = Base; path = Base.lproj/LaunchScreen.storyboard; sourceTree = "<group>"; };
		DCCD0FEF234FA9A0003C39BA /* Info.plist */ = {isa = PBXFileReference; lastKnownFileType = text.plist.xml; path = Info.plist; sourceTree = "<group>"; };
		DCCD0FF5234FAAD4003C39BA /* CoderInfoCell.swift */ = {isa = PBXFileReference; lastKnownFileType = sourcecode.swift; path = CoderInfoCell.swift; sourceTree = "<group>"; };
		DCCD0FF6234FAAD4003C39BA /* CoderInfoCell.xib */ = {isa = PBXFileReference; lastKnownFileType = file.xib; path = CoderInfoCell.xib; sourceTree = "<group>"; };
/* End PBXFileReference section */

/* Begin PBXFrameworksBuildPhase section */
		DCCD0FDB234FA99F003C39BA /* Frameworks */ = {
			isa = PBXFrameworksBuildPhase;
			buildActionMask = 2147483647;
			files = (
			);
			runOnlyForDeploymentPostprocessing = 0;
		};
/* End PBXFrameworksBuildPhase section */

/* Begin PBXGroup section */
		DCCD0FD5234FA99F003C39BA = {
			isa = PBXGroup;
			children = (
				DCCD0FE0234FA99F003C39BA /* UITableViewWithSections */,
				DCCD0FDF234FA99F003C39BA /* Products */,
			);
			sourceTree = "<group>";
		};
		DCCD0FDF234FA99F003C39BA /* Products */ = {
			isa = PBXGroup;
			children = (
				DCCD0FDE234FA99F003C39BA /* UITableViewWithSections.app */,
			);
			name = Products;
			sourceTree = "<group>";
		};
		DCCD0FE0234FA99F003C39BA /* UITableViewWithSections */ = {
			isa = PBXGroup;
			children = (
				DCCD0FE1234FA99F003C39BA /* AppDelegate.swift */,
				DCCD0FE3234FA99F003C39BA /* SceneDelegate.swift */,
				DCCD0FE5234FA99F003C39BA /* ViewController.swift */,
				DCCD0FE7234FA99F003C39BA /* Main.storyboard */,
				DCCD0FEA234FA9A0003C39BA /* Assets.xcassets */,
				DCCD0FEC234FA9A0003C39BA /* LaunchScreen.storyboard */,
				DCCD0FEF234FA9A0003C39BA /* Info.plist */,
				DCCD0FF5234FAAD4003C39BA /* CoderInfoCell.swift */,
				DCCD0FF6234FAAD4003C39BA /* CoderInfoCell.xib */,
			);
			path = UITableViewWithSections;
			sourceTree = "<group>";
		};
/* End PBXGroup section */

/* Begin PBXNativeTarget section */
		DCCD0FDD234FA99F003C39BA /* UITableViewWithSections */ = {
			isa = PBXNativeTarget;
			buildConfigurationList = DCCD0FF2234FA9A0003C39BA /* Build configuration list for PBXNativeTarget "UITableViewWithSections" */;
			buildPhases = (
				DCCD0FDA234FA99F003C39BA /* Sources */,
				DCCD0FDB234FA99F003C39BA /* Frameworks */,
				DCCD0FDC234FA99F003C39BA /* Resources */,
			);
			buildRules = (
			);
			dependencies = (
			);
			name = UITableViewWithSections;
			productName = UITableViewWithSections;
			productReference = DCCD0FDE234FA99F003C39BA /* UITableViewWithSections.app */;
			productType = "com.apple.product-type.application";
		};
/* End PBXNativeTarget section */

/* Begin PBXProject section */
		DCCD0FD6234FA99F003C39BA /* Project object */ = {
			isa = PBXProject;
			attributes = {
				LastSwiftUpdateCheck = 1100;
				LastUpgradeCheck = 1100;
				ORGANIZATIONNAME = "Aman Aggarwal";
				TargetAttributes = {
					DCCD0FDD234FA99F003C39BA = {
						CreatedOnToolsVersion = 11.0;
					};
				};
			};
			buildConfigurationList = DCCD0FD9234FA99F003C39BA /* Build configuration list for PBXProject "UITableViewWithSections" */;
			compatibilityVersion = "Xcode 9.3";
			developmentRegion = en;
			hasScannedForEncodings = 0;
			knownRegions = (
				en,
				Base,
			);
			mainGroup = DCCD0FD5234FA99F003C39BA;
			productRefGroup = DCCD0FDF234FA99F003C39BA /* Products */;
			projectDirPath = "";
			projectRoot = "";
			targets = (
				DCCD0FDD234FA99F003C39BA /* UITableViewWithSections */,
			);
		};
/* End PBXProject section */

/* Begin PBXResourcesBuildPhase section */
		DCCD0FDC234FA99F003C39BA /* Resources */ = {
			isa = PBXResourcesBuildPhase;
			buildActionMask = 2147483647;
			files = (
				DCCD0FEE234FA9A0003C39BA /* LaunchScreen.storyboard in Resources */,
				DCCD0FEB234FA9A0003C39BA /* Assets.xcassets in Resources */,
				DCCD0FE9234FA99F003C39BA /* Main.storyboard in Resources */,
				DCCD0FF8234FAAD4003C39BA /* CoderInfoCell.xib in Resources */,
			);
			runOnlyForDeploymentPostprocessing = 0;
		};
/* End PBXResourcesBuildPhase section */

/* Begin PBXSourcesBuildPhase section */
		DCCD0FDA234FA99F003C39BA /* Sources */ = {
			isa = PBXSourcesBuildPhase;
			buildActionMask = 2147483647;
			files = (
				DCCD0FE6234FA99F003C39BA /* ViewController.swift in Sources */,
				DCCD0FE2234FA99F003C39BA /* AppDelegate.swift in Sources */,
				DCCD0FE4234FA99F003C39BA /* SceneDelegate.swift in Sources */,
				DCCD0FF7234FAAD4003C39BA /* CoderInfoCell.swift in Sources */,
			);
			runOnlyForDeploymentPostprocessing = 0;
		};
/* End PBXSourcesBuildPhase section */

/* Begin PBXVariantGroup section */
		DCCD0FE7234FA99F003C39BA /* Main.storyboard */ = {
			isa = PBXVariantGroup;
			children = (
				DCCD0FE8234FA99F003C39BA /* Base */,
			);
			name = Main.storyboard;
			sourceTree = "<group>";
		};
		DCCD0FEC234FA9A0003C39BA /* LaunchScreen.storyboard */ = {
			isa = PBXVariantGroup;
			children = (
				DCCD0FED234FA9A0003C39BA /* Base */,
			);
			name = LaunchScreen.storyboard;
			sourceTree = "<group>";
		};
/* End PBXVariantGroup section */

/* Begin XCBuildConfiguration section */
		DCCD0FF0234FA9A0003C39BA /* Debug */ = {
			isa = XCBuildConfiguration;
			buildSettings = {
				ALWAYS_SEARCH_USER_PATHS = NO;
				CLANG_ANALYZER_NONNULL = YES;
				CLANG_ANALYZER_NUMBER_OBJECT_CONVERSION = YES_AGGRESSIVE;
				CLANG_CXX_LANGUAGE_STANDARD = "gnu++14";
				CLANG_CXX_LIBRARY = "libc++";
				CLANG_ENABLE_MODULES = YES;
				CLANG_ENABLE_OBJC_ARC = YES;
				CLANG_ENABLE_OBJC_WEAK = YES;
				CLANG_WARN_BLOCK_CAPTURE_AUTORELEASING = YES;
				CLANG_WARN_BOOL_CONVERSION = YES;
				CLANG_WARN_COMMA = YES;
				CLANG_WARN_CONSTANT_CONVERSION = YES;
				CLANG_WARN_DEPRECATED_OBJC_IMPLEMENTATIONS = YES;
				CLANG_WARN_DIRECT_OBJC_ISA_USAGE = YES_ERROR;
				CLANG_WARN_DOCUMENTATION_COMMENTS = YES;
				CLANG_WARN_EMPTY_BODY = YES;
				CLANG_WARN_ENUM_CONVERSION = YES;
				CLANG_WARN_INFINITE_RECURSION = YES;
				CLANG_WARN_INT_CONVERSION = YES;
				CLANG_WARN_NON_LITERAL_NULL_CONVERSION = YES;
				CLANG_WARN_OBJC_IMPLICIT_RETAIN_SELF = YES;
				CLANG_WARN_OBJC_LITERAL_CONVERSION = YES;
				CLANG_WARN_OBJC_ROOT_CLASS = YES_ERROR;
				CLANG_WARN_RANGE_LOOP_ANALYSIS = YES;
				CLANG_WARN_STRICT_PROTOTYPES = YES;
				CLANG_WARN_SUSPICIOUS_MOVE = YES;
				CLANG_WARN_UNGUARDED_AVAILABILITY = YES_AGGRESSIVE;
				CLANG_WARN_UNREACHABLE_CODE = YES;
				CLANG_WARN__DUPLICATE_METHOD_MATCH = YES;
				COPY_PHASE_STRIP = NO;
				DEBUG_INFORMATION_FORMAT = dwarf;
				ENABLE_STRICT_OBJC_MSGSEND = YES;
				ENABLE_TESTABILITY = YES;
				GCC_C_LANGUAGE_STANDARD = gnu11;
				GCC_DYNAMIC_NO_PIC = NO;
				GCC_NO_COMMON_BLOCKS = YES;
				GCC_OPTIMIZATION_LEVEL = 0;
				GCC_PREPROCESSOR_DEFINITIONS = (
					"DEBUG=1",
					"$(inherited)",
				);
				GCC_WARN_64_TO_32_BIT_CONVERSION = YES;
				GCC_WARN_ABOUT_RETURN_TYPE = YES_ERROR;
				GCC_WARN_UNDECLARED_SELECTOR = YES;
				GCC_WARN_UNINITIALIZED_AUTOS = YES_AGGRESSIVE;
				GCC_WARN_UNUSED_FUNCTION = YES;
				GCC_WARN_UNUSED_VARIABLE = YES;
				IPHONEOS_DEPLOYMENT_TARGET = 13.0;
				MTL_ENABLE_DEBUG_INFO = INCLUDE_SOURCE;
				MTL_FAST_MATH = YES;
				ONLY_ACTIVE_ARCH = YES;
				SDKROOT = iphoneos;
				SWIFT_ACTIVE_COMPILATION_CONDITIONS = DEBUG;
				SWIFT_OPTIMIZATION_LEVEL = "-Onone";
			};
			name = Debug;
		};
		DCCD0FF1234FA9A0003C39BA /* Release */ = {
			isa = XCBuildConfiguration;
			buildSettings = {
				ALWAYS_SEARCH_USER_PATHS = NO;
				CLANG_ANALYZER_NONNULL = YES;
				CLANG_ANALYZER_NUMBER_OBJECT_CONVERSION = YES_AGGRESSIVE;
				CLANG_CXX_LANGUAGE_STANDARD = "gnu++14";
				CLANG_CXX_LIBRARY = "libc++";
				CLANG_ENABLE_MODULES = YES;
				CLANG_ENABLE_OBJC_ARC = YES;
				CLANG_ENABLE_OBJC_WEAK = YES;
				CLANG_WARN_BLOCK_CAPTURE_AUTORELEASING = YES;
				CLANG_WARN_BOOL_CONVERSION = YES;
				CLANG_WARN_COMMA = YES;
				CLANG_WARN_CONSTANT_CONVERSION = YES;
				CLANG_WARN_DEPRECATED_OBJC_IMPLEMENTATIONS = YES;
				CLANG_WARN_DIRECT_OBJC_ISA_USAGE = YES_ERROR;
				CLANG_WARN_DOCUMENTATION_COMMENTS = YES;
				CLANG_WARN_EMPTY_BODY = YES;
				CLANG_WARN_ENUM_CONVERSION = YES;
				CLANG_WARN_INFINITE_RECURSION = YES;
				CLANG_WARN_INT_CONVERSION = YES;
				CLANG_WARN_NON_LITERAL_NULL_CONVERSION = YES;
				CLANG_WARN_OBJC_IMPLICIT_RETAIN_SELF = YES;
				CLANG_WARN_OBJC_LITERAL_CONVERSION = YES;
				CLANG_WARN_OBJC_ROOT_CLASS = YES_ERROR;
				CLANG_WARN_RANGE_LOOP_ANALYSIS = YES;
				CLANG_WARN_STRICT_PROTOTYPES = YES;
				CLANG_WARN_SUSPICIOUS_MOVE = YES;
				CLANG_WARN_UNGUARDED_AVAILABILITY = YES_AGGRESSIVE;
				CLANG_WARN_UNREACHABLE_CODE = YES;
				CLANG_WARN__DUPLICATE_METHOD_MATCH = YES;
				COPY_PHASE_STRIP = NO;
				DEBUG_INFORMATION_FORMAT = "dwarf-with-dsym";
				ENABLE_NS_ASSERTIONS = NO;
				ENABLE_STRICT_OBJC_MSGSEND = YES;
				GCC_C_LANGUAGE_STANDARD = gnu11;
				GCC_NO_COMMON_BLOCKS = YES;
				GCC_WARN_64_TO_32_BIT_CONVERSION = YES;
				GCC_WARN_ABOUT_RETURN_TYPE = YES_ERROR;
				GCC_WARN_UNDECLARED_SELECTOR = YES;
				GCC_WARN_UNINITIALIZED_AUTOS = YES_AGGRESSIVE;
				GCC_WARN_UNUSED_FUNCTION = YES;
				GCC_WARN_UNUSED_VARIABLE = YES;
				IPHONEOS_DEPLOYMENT_TARGET = 13.0;
				MTL_ENABLE_DEBUG_INFO = NO;
				MTL_FAST_MATH = YES;
				SDKROOT = iphoneos;
				SWIFT_COMPILATION_MODE = wholemodule;
				SWIFT_OPTIMIZATION_LEVEL = "-O";
				VALIDATE_PRODUCT = YES;
			};
			name = Release;
		};
		DCCD0FF3234FA9A0003C39BA /* Debug */ = {
			isa = XCBuildConfiguration;
			buildSettings = {
				ASSETCATALOG_COMPILER_APPICON_NAME = AppIcon;
				CODE_SIGN_STYLE = Automatic;
				INFOPLIST_FILE = UITableViewWithSections/Info.plist;
				LD_RUNPATH_SEARCH_PATHS = (
					"$(inherited)",
					"@executable_path/Frameworks",
				);
				PRODUCT_BUNDLE_IDENTIFIER = com.iostutorialjunction.UITableViewWithSections;
				PRODUCT_NAME = "$(TARGET_NAME)";
				SWIFT_VERSION = 5.0;
				TARGETED_DEVICE_FAMILY = "1,2";
			};
			name = Debug;
		};
		DCCD0FF4234FA9A0003C39BA /* Release */ = {
			isa = XCBuildConfiguration;
			buildSettings = {
				ASSETCATALOG_COMPILER_APPICON_NAME = AppIcon;
				CODE_SIGN_STYLE = Automatic;
				INFOPLIST_FILE = UITableViewWithSections/Info.plist;
				LD_RUNPATH_SEARCH_PATHS = (
					"$(inherited)",
					"@executable_path/Frameworks",
				);
				PRODUCT_BUNDLE_IDENTIFIER = com.iostutorialjunction.UITableViewWithSections;
				PRODUCT_NAME = "$(TARGET_NAME)";
				SWIFT_VERSION = 5.0;
				TARGETED_DEVICE_FAMILY = "1,2";
			};
			name = Release;
		};
/* End XCBuildConfiguration section */

/* Begin XCConfigurationList section */
		DCCD0FD9234FA99F003C39BA /* Build configuration list for PBXProject "UITableViewWithSections" */ = {
			isa = XCConfigurationList;
			buildConfigurations = (
				DCCD0FF0234FA9A0003C39BA /* Debug */,
				DCCD0FF1234FA9A0003C39BA /* Release */,
			);
			defaultConfigurationIsVisible = 0;
			defaultConfigurationName = Release;
		};
		DCCD0FF2234FA9A0003C39BA /* Build configuration list for PBXNativeTarget "UITableViewWithSections" */ = {
			isa = XCConfigurationList;
			buildConfigurations = (
				DCCD0FF3234FA9A0003C39BA /* Debug */,
				DCCD0FF4234FA9A0003C39BA /* Release */,
			);
			defaultConfigurationIsVisible = 0;
			defaultConfigurationName = Release;
		};
/* End XCConfigurationList section */
	};
	rootObject = DCCD0FD6234FA99F003C39BA /* Project object */;
}
